
Microsoft Visual Studio Solution File, Format Version 12.00
# Visual Studio Version 17
VisualStudioVersion = 17.7.34003.232
MinimumVisualStudioVersion = 10.0.40219.1
Project("{8BC9CEB8-8B4A-11D0-8D11-00A0C91BC942}") = "korny", "korny\korny.vcxproj", "{B7DCCC0E-1425-4707-910A-E691D9886328}"
EndProject
Global
	GlobalSection(SolutionConfigurationPlatforms) = preSolution
		Debug|x64 = Debug|x64
		Debug|x86 = Debug|x86
		Release|x64 = Release|x64
		Release|x86 = Release|x86
	EndGlobalSection
	GlobalSection(ProjectConfigurationPlatforms) = postSolution
		{B7DCCC0E-1425-4707-910A-E691D9886328}.Debug|x64.ActiveCfg = Debug|x64
		{B7DCCC0E-1425-4707-910A-E691D9886328}.Debug|x64.Build.0 = Debug|x64
		{B7DCCC0E-1425-4707-910A-E691D9886328}.Debug|x86.ActiveCfg = Debug|Win32
		{B7DCCC0E-1425-4707-910A-E691D9886328}.Debug|x86.Build.0 = Debug|Win32
		{B7DCCC0E-1425-4707-910A-E691D9886328}.Release|x64.ActiveCfg = Release|x64
		{B7DCCC0E-1425-4707-910A-E691D9886328}.Release|x64.Build.0 = Release|x64
		{B7DCCC0E-1425-4707-910A-E691D9886328}.Release|x86.ActiveCfg = Release|Win32
		{B7DCCC0E-1425-4707-910A-E691D9886328}.Release|x86.Build.0 = Release|Win32
	EndGlobalSection
	GlobalSection(SolutionProperties) = preSolution
		HideSolutionNode = FALSE
	EndGlobalSection
	GlobalSection(ExtensibilityGlobals) = postSolution
		SolutionGuid = {5B2623FC-87D4-44F0-9783-F7C845919859}
	EndGlobalSection
EndGlobal
